
Microsoft Visual Studio Solution File, Format Version 12.00
# Visual Studio Version 16
VisualStudioVersion = 16.0.28803.202
MinimumVisualStudioVersion = 10.0.40219.1
Project("{9A19103F-16F7-4668-BE54-9A1E7A4F7556}") = "ContosoUniversity", "ContosoUniversity\ContosoUniversity.csproj", "{3C4A71EB-EAAF-495A-8848-43A026DCFB23}"
EndProject
Project("{FAE04EC0-301F-11D3-BF4B-00C04F79EFBC}") = "ContosoUniversityData", "ContosoUniversityData\ContosoUniversityData.csproj", "{083D33CA-7138-4C02-B5A6-800452E63BB9}"
EndProject
Global
	GlobalSection(SolutionConfigurationPlatforms) = preSolution
		Debug|Any CPU = Debug|Any CPU
		Release|Any CPU = Release|Any CPU
	EndGlobalSection
	GlobalSection(ProjectConfigurationPlatforms) = postSolution
		{3C4A71EB-EAAF-495A-8848-43A026DCFB23}.Debug|Any CPU.ActiveCfg = Debug|Any CPU
		{3C4A71EB-EAAF-495A-8848-43A026DCFB23}.Debug|Any CPU.Build.0 = Debug|Any CPU
		{3C4A71EB-EAAF-495A-8848-43A026DCFB23}.Release|Any CPU.ActiveCfg = Release|Any CPU
		{3C4A71EB-EAAF-495A-8848-43A026DCFB23}.Release|Any CPU.Build.0 = Release|Any CPU
		{083D33CA-7138-4C02-B5A6-800452E63BB9}.Debug|Any CPU.ActiveCfg = Debug|Any CPU
		{083D33CA-7138-4C02-B5A6-800452E63BB9}.Debug|Any CPU.Build.0 = Debug|Any CPU
		{083D33CA-7138-4C02-B5A6-800452E63BB9}.Release|Any CPU.ActiveCfg = Release|Any CPU
		{083D33CA-7138-4C02-B5A6-800452E63BB9}.Release|Any CPU.Build.0 = Release|Any CPU
	EndGlobalSection
	GlobalSection(SolutionProperties) = preSolution
		HideSolutionNode = FALSE
	EndGlobalSection
	GlobalSection(ExtensibilityGlobals) = postSolution
		SolutionGuid = {D39781A2-C189-4C27-9A06-3912F6BDF55B}
	EndGlobalSection
EndGlobal
